github.com/btcsuite/btcd v0.0.0-20170322205442-4b348c1d3337 h1:/8QXeYmC72p/QHJWog/LupHhwN5EGZ99MPBD7Gr5LDE=
github.com/btcsuite/btcd v0.0.0-20170322205442-4b348c1d3337/go.mod h1:Dmm/EzmjnCiweXmzRIAiUWCInVmPgjkzgv5k4tVyXiQ=
github.com/davecgh/go-spew v1.1.0 h1:ZDRjVQ15GmhC3fiQ8ni8+OwkZQO4DARzQgrnXU1Liz8=
github.com/davecgh/go-spew v1.1.0/go.mod h1:J7Y8YcW2NihsgmVo/mv3lAwl/skON4iLHjSsI+c5H38=
github.com/ethereum/go-ethereum v1.6.1-0.20170420144236-d2fda73ad7f4 h1:Olxi43vQMnC7XQREPXpS0ebCR9old1xsiS+V55KPxP0=
github.com/ethereum/go-ethereum v1.6.1-0.20170420144236-d2fda73ad7f4/go.mod h1:PwpWDrCLZrV+tfrhqqF6kPknbISMHaJv9Ln3kPCZLwY=
github.com/fatih/color v1.4.1 h1:YJhD/SoQqn7ev9zwhIm7lHTAqsOAF2AN4xlAVZzNZnU=
github.com/fatih/color v1.4.1/go.mod h1:Zm6kSWBoL9eyXnKyktHP6abPY2pDugNf5KwzbycvMj4=
github.com/go-stack/stack v1.8.1 h1:ntEHSVwIt7PNXNpgPmVfMrNhLtgjlmnZha2kOpuRiDw=
github.com/go-stack/stack v1.8.1/go.mod h1:dcoOX6HbPZSZptuspn9bctJ+N/CnF5gGygcUP3XYfe4=
github.com/mattn/go-colorable v0.1.12 h1:jF+Du6AlPIjs2BiUiQlKOX0rt3SujHxPnksPKZbaA40=
github.com/mattn/go-colorable v0.1.12/go.mod h1:u5H1YNBxpqRaxsYJYSkiCWKzEfiAb1Gb520KVy5xxl4=
github.com/mattn/go-isatty v0.0.14 h1:yVuAays6BHfxijgZPzw+3Zlu5yQgKGP2/hcQbHb7S9Y=
github.com/mattn/go-isatty v0.0.14/go.mod h1:7GGIvUiUoEMVVmxf/4nioHXj79iQHKdU27kJ6hsGG94=
github.com/onrik/gomerkle v0.0.0-20170420124158-dfb3b6404931 h1:ysoEO/Gn+hDlm4Tl1E+ZY1ZlLqRkcBqcV6HcnjYjntQ=
github.com/onrik/gomerkle v0.0.0-20170420124158-dfb3b6404931/go.mod h1:YXwYzqxF88pP98Dc3EaLKYDbOXtwtSKejPjg5giYOdw=
github.com/pmezard/go-difflib v1.0.0 h1:4DBwDE0NGyQoBHbLQYPwSUPoCMWR5BEzIk/f1lZbAQM=
github.com/pmezard/go-difflib v1.0.0/go.mod h1:iKH77koFhYxTK1pcRnkKkqfTogsbg7gZNVY4sRDYZ/4=
github.com/rcrowley/go-metrics v0.0.0-20201227073835-cf1acfcdf475 h1:N/ElC8H3+5XpJzTSTfLsJV/mx9Q9g7kxmchpfZyxgzM=
github.com/rcrowley/go-metrics v0.0.0-20201227073835-cf1acfcdf475/go.mod h1:bCqnVzQkZxMG4s8nGwiZ5l3QUCyqpo9Y+/ZMZ9VjZe4=
github.com/stretchr/objx v0.1.0/go.mod h1:HFkY916IF+rwdDfMAkV7OtwuqBVzrE8GR6GFx+wExME=
github.com/stretchr/testify v1.7.1 h1:5TQK59W5E3v0r2duFAb7P95B6hEeOyEnHRa8MjYSMTY=
github.com/stretchr/testify v1.7.1/go.mod h1:6Fq8oRcR53rry900zMqJjRRixrwX3KX962/h/Wwjteg=
github.com/urfave/cli v1.19.2-0.20170329013517-8ba6f23b6e36 h1:lN/xVseBmy4XEuw6QxD7AVniCAVwPID/tFc7/ddG1xw=
github.com/urfave/cli v1.19.2-0.20170329013517-8ba6f23b6e36/go.mod h1:70zkFmudgCuE/ngEzBv17Jvp/497gISqfk5gWijbERA=
golang.org/x/sys v0.0.0-20210630005230-0f9fa26af87c/go.mod h1:oPkhp1MJrh7nUepCBck5+mAzfO9JrbApNNgaTdGDITg=
golang.org/x/sys v0.0.0-20210927094055-39ccf1dd6fa6 h1:foEbQz/B0Oz6YIqu/69kfXPYeFQAuuMYFkjaqXzl5Wo=
golang.org/x/sys v0.0.0-20210927094055-39ccf1dd6fa6/go.mod h1:oPkhp1MJrh7nUepCBck5+mAzfO9JrbApNNgaTdGDITg=
gopkg.in/check.v1 v0.0.0-20161208181325-20d25e280405/go.mod h1:Co6ibVJAznAaIkqp8huTwlJQCZ016jof/cbN4VW5Yz0=
gopkg.in/karalabe/cookiejar.v2 v2.0.0-20150724131613-8dcd6a7f4951 h1:DMTcQRFbEH62YPRWwOI647s2e5mHda3oBPMHfrLs2bw=
gopkg.in/karalabe/cookiejar.v2 v2.0.0-20150724131613-8dcd6a7f4951/go.mod h1:owOxCRGGeAx1uugABik6K9oeNu1cgxP/R9ItzLDxNWA=
gopkg.in/yaml.v3 v3.0.0-20200313102051-9f266ea9e77c h1:dUUwHk2QECo/6vqA44rthZ8ie2QXMNeKRTHCNY2nXvo=
gopkg.in/yaml.v3 v3.0.0-20200313102051-9f266ea9e77c/go.mod h1:K4uyk7z7BCEPqu6E+C64Yfv1cQ7kz7rIZviUmN+EgEM=
